
Microsoft Visual Studio Solution File, Format Version 12.00
# Visual Studio Version 16
VisualStudioVersion = 16.0.30709.132
MinimumVisualStudioVersion = 10.0.40219.1
Project("{9A19103F-16F7-4668-BE54-9A1E7A4F7556}") = "DrinkMaster", "DrinkMaster\DrinkMaster.csproj", "{8DF415CB-ADD7-4E2A-BEA9-54F8BF30869F}"
EndProject
Global
	GlobalSection(SolutionConfigurationPlatforms) = preSolution
		Debug|Any CPU = Debug|Any CPU
		Release|Any CPU = Release|Any CPU
	EndGlobalSection
	GlobalSection(ProjectConfigurationPlatforms) = postSolution
		{8DF415CB-ADD7-4E2A-BEA9-54F8BF30869F}.Debug|Any CPU.ActiveCfg = Debug|Any CPU
		{8DF415CB-ADD7-4E2A-BEA9-54F8BF30869F}.Debug|Any CPU.Build.0 = Debug|Any CPU
		{8DF415CB-ADD7-4E2A-BEA9-54F8BF30869F}.Release|Any CPU.ActiveCfg = Release|Any CPU
		{8DF415CB-ADD7-4E2A-BEA9-54F8BF30869F}.Release|Any CPU.Build.0 = Release|Any CPU
	EndGlobalSection
	GlobalSection(SolutionProperties) = preSolution
		HideSolutionNode = FALSE
	EndGlobalSection
	GlobalSection(ExtensibilityGlobals) = postSolution
		SolutionGuid = {2C950C3C-12F0-4652-8572-B276454AA319}
	EndGlobalSection
EndGlobal
